{
  "name": "amigobot",
  "lockfileVersion": 3,
  "requires": true,
  "packages": {
    "": {
      "dependencies": {
        "@fullstory/browser": "^2.0.6"
      }
    },
    "node_modules/@fullstory/browser": {
      "version": "2.0.6",
      "resolved": "https://registry.npmjs.org/@fullstory/browser/-/browser-2.0.6.tgz",
      "integrity": "sha512-5cbZldOkb+KhgAFRQ5iMEoJR+TgKhCBRFiZN3PMHr+++EmHqprtNMyEAGppe02GUkASV4+7s4txghq6nkrRj8Q==",
      "license": "MIT",
      "dependencies": {
        "@fullstory/snippet": "2.0.5"
      }
    },
    "node_modules/@fullstory/snippet": {
      "version": "2.0.5",
      "resolved": "https://registry.npmjs.org/@fullstory/snippet/-/snippet-2.0.5.tgz",
      "integrity": "sha512-33GJ/QhzZNk4q2B6LhU6Siha68NalrkPxdOaqrVZbUp0UyNYf3qHmU3ATTe51Vk/aM2J34ylrItJ7u94PQ16sA==",
      "license": "ISC"
    }
  }
}
